<?xml version="1.0" encoding="utf-8"?>
<Project ToolsVersion="4.0" xmlns="http://schemas.microsoft.com/developer/msbuild/2003">
  <ItemGroup>
    <Filter Include="Source Files">
      <UniqueIdentifier>{4FC737F1-C7A5-4376-A066-2A32D752A2FF}</UniqueIdentifier>
      <Extensions>cpp;c;cc;cxx;c++;cppm;ixx;def;odl;idl;hpj;bat;asm;asmx</Extensions>
    </Filter>
    <Filter Include="Header Files">
      <UniqueIdentifier>{93995380-89BD-4b04-88EB-625FBE52EBFB}</UniqueIdentifier>
      <Extensions>h;hh;hpp;hxx;h++;hm;inl;inc;ipp;xsd</Extensions>
    </Filter>
    <Filter Include="Resource Files">
      <UniqueIdentifier>{67DA6AB6-F800-4c08-8B7A-83BB121AAD01}</UniqueIdentifier>
      <Extensions>rc;ico;cur;bmp;dlg;rc2;rct;bin;rgs;gif;jpg;jpeg;jpe;resx;tiff;tif;png;wav;mfcribbon-ms</Extensions>
    </Filter>
    <Filter Include="States">
      <UniqueIdentifier>{69e5bfb2-7a1a-4d94-87cc-8a1c6ee85514}</UniqueIdentifier>
    </Filter>
    <Filter Include="Entities">
      <UniqueIdentifier>{261200f8-b567-4ea1-a804-a92e2cd8a820}</UniqueIdentifier>
    </Filter>
    <Filter Include="Components">
      <UniqueIdentifier>{1393e3ff-3f39-4496-a1c8-b3bb0cf8d7ee}</UniqueIdentifier>
    </Filter>
    <Filter Include="GUI">
      <UniqueIdentifier>{3665d54e-c743-4c77-919d-00cc29ae46bf}</UniqueIdentifier>
    </Filter>
  </ItemGroup>
  <ItemGroup>
    <ClCompile Include="Source.cpp">
      <Filter>Source Files</Filter>
    </ClCompile>
    <ClCompile Include="Game.cpp">
      <Filter>Source Files</Filter>
    </ClCompile>
    <ClCompile Include="GameState.cpp">
      <Filter>States</Filter>
    </ClCompile>
    <ClCompile Include="State.cpp">
      <Filter>States</Filter>
    </ClCompile>
    <ClCompile Include="MainMenuState.cpp">
      <Filter>States</Filter>
    </ClCompile>
    <ClCompile Include="Entity.cpp">
      <Filter>Entities</Filter>
    </ClCompile>
    <ClCompile Include="Player.cpp">
      <Filter>Entities</Filter>
    </ClCompile>
    <ClCompile Include="Button.cpp">
      <Filter>Resource Files</Filter>
    </ClCompile>
    <ClCompile Include="MovementComponent.cpp">
      <Filter>Components</Filter>
    </ClCompile>
    <ClCompile Include="HitboxComponent.cpp">
      <Filter>Components</Filter>
    </ClCompile>
    <ClCompile Include="AnimationComponent.cpp">
      <Filter>Components</Filter>
    </ClCompile>
    <ClCompile Include="Coconut.cpp">
      <Filter>Entities</Filter>
    </ClCompile>
    <ClCompile Include="PauseMenu.cpp">
      <Filter>GUI</Filter>
    </ClCompile>
    <ClCompile Include="Monster.cpp">
      <Filter>Entities</Filter>
    </ClCompile>
    <ClCompile Include="BigMons.cpp">
      <Filter>Entities</Filter>
    </ClCompile>
    <ClCompile Include="LockWeb.cpp">
      <Filter>Entities</Filter>
    </ClCompile>
    <ClCompile Include="AttackWeb.cpp">
      <Filter>Entities</Filter>
    </ClCompile>
    <ClCompile Include="BubbleTea.cpp">
      <Filter>Source Files</Filter>
    </ClCompile>
  </ItemGroup>
  <ItemGroup>
    <ClInclude Include="Game.h">
      <Filter>Header Files</Filter>
    </ClInclude>
    <ClInclude Include="GameState.h">
      <Filter>States</Filter>
    </ClInclude>
    <ClInclude Include="State.h">
      <Filter>States</Filter>
    </ClInclude>
    <ClInclude Include="MainMenuState.h">
      <Filter>States</Filter>
    </ClInclude>
    <ClInclude Include="Entity.h">
      <Filter>Entities</Filter>
    </ClInclude>
    <ClInclude Include="Player.h">
      <Filter>Entities</Filter>
    </ClInclude>
    <ClInclude Include="Button.h">
      <Filter>Resource Files</Filter>
    </ClInclude>
    <ClInclude Include="MovementComponent.h">
      <Filter>Components</Filter>
    </ClInclude>
    <ClInclude Include="HitboxComponent.h">
      <Filter>Components</Filter>
    </ClInclude>
    <ClInclude Include="AnimationComponent.h">
      <Filter>Components</Filter>
    </ClInclude>
    <ClInclude Include="Coconut.h">
      <Filter>Entities</Filter>
    </ClInclude>
    <ClInclude Include="PauseMenu.h">
      <Filter>GUI</Filter>
    </ClInclude>
    <ClInclude Include="Monster.h">
      <Filter>Entities</Filter>
    </ClInclude>
    <ClInclude Include="BigMons.h">
      <Filter>Entities</Filter>
    </ClInclude>
    <ClInclude Include="LockWeb.h">
      <Filter>Entities</Filter>
    </ClInclude>
    <ClInclude Include="AttackWeb.h">
      <Filter>Entities</Filter>
    </ClInclude>
    <ClInclude Include="BubbleTea.h">
      <Filter>Header Files</Filter>
    </ClInclude>
  </ItemGroup>
</Project>